
Microsoft Visual Studio Solution File, Format Version 12.00
# Visual Studio Version 17
VisualStudioVersion = 17.0.31903.59
MinimumVisualStudioVersion = 10.0.40219.1
Project("{9A19103F-16F7-4668-BE54-9A1E7A4F7556}") = "ConsoleTest", "ConsoleTest\ConsoleTest.csproj", "{B535888B-58C6-4EC5-B3E2-E900A2149065}"
EndProject
Project("{9A19103F-16F7-4668-BE54-9A1E7A4F7556}") = "Build5Nines.SharpVector", "Build5Nines.SharpVector\Build5Nines.SharpVector.csproj", "{770C2E6B-4B00-4F4D-9D38-F43D299EC0E6}"
EndProject
Project("{9A19103F-16F7-4668-BE54-9A1E7A4F7556}") = "SharpVectorTest", "SharpVectorTest\SharpVectorTest.csproj", "{AFF76051-E043-45EB-9B5F-05D9C45D0DC7}"
EndProject
Project("{9A19103F-16F7-4668-BE54-9A1E7A4F7556}") = "Build5Nines.SharpVector.OpenAI", "Build5Nines.SharpVector.OpenAI\Build5Nines.SharpVector.OpenAI.csproj", "{CABF1DBE-8FE1-4EDF-B5DD-B1BFB88D93C3}"
EndProject
Project("{FAE04EC0-301F-11D3-BF4B-00C04F79EFBC}") = "SharpVectorOpenAITest", "SharpVectorOpenAITest\SharpVectorOpenAITest.csproj", "{04E08FA2-C4B4-47B4-ABB0-6FD57EA5FFFB}"
EndProject
Project("{FAE04EC0-301F-11D3-BF4B-00C04F79EFBC}") = "OpenAIConsoleTest", "OpenAIConsoleTest\OpenAIConsoleTest.csproj", "{0B5B1D8C-9D1C-4779-880E-09B8F1BD1DD2}"
EndProject
Global
	GlobalSection(SolutionConfigurationPlatforms) = preSolution
		Debug|Any CPU = Debug|Any CPU
		Release|Any CPU = Release|Any CPU
	EndGlobalSection
	GlobalSection(ProjectConfigurationPlatforms) = postSolution
		{B535888B-58C6-4EC5-B3E2-E900A2149065}.Debug|Any CPU.ActiveCfg = Debug|Any CPU
		{B535888B-58C6-4EC5-B3E2-E900A2149065}.Debug|Any CPU.Build.0 = Debug|Any CPU
		{B535888B-58C6-4EC5-B3E2-E900A2149065}.Release|Any CPU.ActiveCfg = Release|Any CPU
		{B535888B-58C6-4EC5-B3E2-E900A2149065}.Release|Any CPU.Build.0 = Release|Any CPU
		{770C2E6B-4B00-4F4D-9D38-F43D299EC0E6}.Debug|Any CPU.ActiveCfg = Debug|Any CPU
		{770C2E6B-4B00-4F4D-9D38-F43D299EC0E6}.Debug|Any CPU.Build.0 = Debug|Any CPU
		{770C2E6B-4B00-4F4D-9D38-F43D299EC0E6}.Release|Any CPU.ActiveCfg = Release|Any CPU
		{770C2E6B-4B00-4F4D-9D38-F43D299EC0E6}.Release|Any CPU.Build.0 = Release|Any CPU
		{AFF76051-E043-45EB-9B5F-05D9C45D0DC7}.Debug|Any CPU.ActiveCfg = Debug|Any CPU
		{AFF76051-E043-45EB-9B5F-05D9C45D0DC7}.Debug|Any CPU.Build.0 = Debug|Any CPU
		{AFF76051-E043-45EB-9B5F-05D9C45D0DC7}.Release|Any CPU.ActiveCfg = Release|Any CPU
		{AFF76051-E043-45EB-9B5F-05D9C45D0DC7}.Release|Any CPU.Build.0 = Release|Any CPU
		{CABF1DBE-8FE1-4EDF-B5DD-B1BFB88D93C3}.Debug|Any CPU.ActiveCfg = Debug|Any CPU
		{CABF1DBE-8FE1-4EDF-B5DD-B1BFB88D93C3}.Debug|Any CPU.Build.0 = Debug|Any CPU
		{CABF1DBE-8FE1-4EDF-B5DD-B1BFB88D93C3}.Release|Any CPU.ActiveCfg = Release|Any CPU
		{CABF1DBE-8FE1-4EDF-B5DD-B1BFB88D93C3}.Release|Any CPU.Build.0 = Release|Any CPU
		{04E08FA2-C4B4-47B4-ABB0-6FD57EA5FFFB}.Debug|Any CPU.ActiveCfg = Debug|Any CPU
		{04E08FA2-C4B4-47B4-ABB0-6FD57EA5FFFB}.Debug|Any CPU.Build.0 = Debug|Any CPU
		{04E08FA2-C4B4-47B4-ABB0-6FD57EA5FFFB}.Release|Any CPU.ActiveCfg = Release|Any CPU
		{04E08FA2-C4B4-47B4-ABB0-6FD57EA5FFFB}.Release|Any CPU.Build.0 = Release|Any CPU
		{0B5B1D8C-9D1C-4779-880E-09B8F1BD1DD2}.Debug|Any CPU.ActiveCfg = Debug|Any CPU
		{0B5B1D8C-9D1C-4779-880E-09B8F1BD1DD2}.Debug|Any CPU.Build.0 = Debug|Any CPU
		{0B5B1D8C-9D1C-4779-880E-09B8F1BD1DD2}.Release|Any CPU.ActiveCfg = Release|Any CPU
		{0B5B1D8C-9D1C-4779-880E-09B8F1BD1DD2}.Release|Any CPU.Build.0 = Release|Any CPU
	EndGlobalSection
	GlobalSection(SolutionProperties) = preSolution
		HideSolutionNode = FALSE
	EndGlobalSection
	GlobalSection(ExtensibilityGlobals) = postSolution
		SolutionGuid = {861BA76B-E825-4CC4-81F7-97A00FA2BD48}
	EndGlobalSection
EndGlobal
